{
  "lockfile-version": 1,
  "manifest": {
    "version": 1,
    "install": {
      "yarn": {
        "pkg-path": "yarn-berry",
        "version": "4.9.1"
      }
    },
    "hook": {
      "on-activate": "  # Autogenerated by Flox\n\n  # Install nodejs dependencies\n  yarn\n\n  # End autogenerated by Flox\n"
    },
    "profile": {},
    "options": {
      "systems": [
        "aarch64-darwin",
        "aarch64-linux",
        "x86_64-darwin",
        "x86_64-linux"
      ]
    }
  },
  "packages": [
    {
      "attr_path": "yarn-berry",
      "broken": false,
      "derivation": "/nix/store/njqjq8xx1q6bbmf1mcj5zirnv5rh7l52-yarn-berry-4.9.1.drv",
      "description": "Fast, reliable, and secure dependency management",
      "install_id": "yarn",
      "license": "BSD-2-Clause",
      "locked_url": "https://github.com/flox/nixpkgs?rev=9e83b64f727c88a7711a2c463a7b16eedb69a84c",
      "name": "yarn-berry-4.9.1",
      "pname": "yarn-berry",
      "rev": "9e83b64f727c88a7711a2c463a7b16eedb69a84c",
      "rev_count": 816272,
      "rev_date": "2025-06-17T04:31:58Z",
      "scrape_date": "2025-06-18T00:37:20.341328Z",
      "stabilities": [
        "staging",
        "unstable"
      ],
      "unfree": false,
      "version": "4.9.1",
      "outputs_to_install": [
        "out"
      ],
      "outputs": {
        "out": "/nix/store/jjcqddvq77dvxvicig8w81mz697g0z9q-yarn-berry-4.9.1"
      },
      "system": "aarch64-darwin",
      "group": "toplevel",
      "priority": 5
    },
    {
      "attr_path": "yarn-berry",
      "broken": false,
      "derivation": "/nix/store/k2n03aja75z3mj6x28ycj8kn0a26bah3-yarn-berry-4.9.1.drv",
      "description": "Fast, reliable, and secure dependency management",
      "install_id": "yarn",
      "license": "BSD-2-Clause",
      "locked_url": "https://github.com/flox/nixpkgs?rev=9e83b64f727c88a7711a2c463a7b16eedb69a84c",
      "name": "yarn-berry-4.9.1",
      "pname": "yarn-berry",
      "rev": "9e83b64f727c88a7711a2c463a7b16eedb69a84c",
      "rev_count": 816272,
      "rev_date": "2025-06-17T04:31:58Z",
      "scrape_date": "2025-06-18T00:56:30.745426Z",
      "stabilities": [
        "staging",
        "unstable"
      ],
      "unfree": false,
      "version": "4.9.1",
      "outputs_to_install": [
        "out"
      ],
      "outputs": {
        "out": "/nix/store/azljz5k2lqgi2wy1chb8h1zlndw93lva-yarn-berry-4.9.1"
      },
      "system": "aarch64-linux",
      "group": "toplevel",
      "priority": 5
    },
    {
      "attr_path": "yarn-berry",
      "broken": false,
      "derivation": "/nix/store/bnybdz4fx32ks9h7yxr25nlpb2npy261-yarn-berry-4.9.1.drv",
      "description": "Fast, reliable, and secure dependency management",
      "install_id": "yarn",
      "license": "BSD-2-Clause",
      "locked_url": "https://github.com/flox/nixpkgs?rev=9e83b64f727c88a7711a2c463a7b16eedb69a84c",
      "name": "yarn-berry-4.9.1",
      "pname": "yarn-berry",
      "rev": "9e83b64f727c88a7711a2c463a7b16eedb69a84c",
      "rev_count": 816272,
      "rev_date": "2025-06-17T04:31:58Z",
      "scrape_date": "2025-06-18T01:13:29.422686Z",
      "stabilities": [
        "staging",
        "unstable"
      ],
      "unfree": false,
      "version": "4.9.1",
      "outputs_to_install": [
        "out"
      ],
      "outputs": {
        "out": "/nix/store/3vf22hzjc1vr69i2l085y2y1j37xldz4-yarn-berry-4.9.1"
      },
      "system": "x86_64-darwin",
      "group": "toplevel",
      "priority": 5
    },
    {
      "attr_path": "yarn-berry",
      "broken": false,
      "derivation": "/nix/store/sasg0zya3csmi3lqdx1pgma869s59ngj-yarn-berry-4.9.1.drv",
      "description": "Fast, reliable, and secure dependency management",
      "install_id": "yarn",
      "license": "BSD-2-Clause",
      "locked_url": "https://github.com/flox/nixpkgs?rev=9e83b64f727c88a7711a2c463a7b16eedb69a84c",
      "name": "yarn-berry-4.9.1",
      "pname": "yarn-berry",
      "rev": "9e83b64f727c88a7711a2c463a7b16eedb69a84c",
      "rev_count": 816272,
      "rev_date": "2025-06-17T04:31:58Z",
      "scrape_date": "2025-06-18T01:34:19.348649Z",
      "stabilities": [
        "staging",
        "unstable"
      ],
      "unfree": false,
      "version": "4.9.1",
      "outputs_to_install": [
        "out"
      ],
      "outputs": {
        "out": "/nix/store/ad659fqm0fyqsdrjjmn44024r02cvmqw-yarn-berry-4.9.1"
      },
      "system": "x86_64-linux",
      "group": "toplevel",
      "priority": 5
    }
  ]
}